Microsoft Visual Studio Solution File, Format Version 12.00
# Visual Studio Version 17
VisualStudioVersion = 17.2.32630.192
MinimumVisualStudioVersion = 10.0.40219.1
Project("{9A19103F-16F7-4668-BE54-9A1E7A4F7556}") = "ConsoleForTesting", "ConsoleForTesting\ConsoleForTesting.csproj", "{ABF0788C-B30C-4ED3-AB90-6F1B8440F537}"
EndProject
Project("{9A19103F-16F7-4668-BE54-9A1E7A4F7556}") = "FilesManager", "FilesManager\FilesManager.csproj", "{11ACCF10-5C71-4E94-BAD2-C24D1E0028C8}"
EndProject
Project("{9A19103F-16F7-4668-BE54-9A1E7A4F7556}") = "Tests", "Tests\Tests.csproj", "{3AB90175-C146-40FD-A6CD-B82BA7C00B95}"
EndProject
Project("{FAE04EC0-301F-11D3-BF4B-00C04F79EFBC}") = "Soft", "Soft\Soft.csproj", "{5EEC7B27-5DA9-4D9F-952D-2C26CD3E6977}"
EndProject
Project("{FAE04EC0-301F-11D3-BF4B-00C04F79EFBC}") = "AD.Services", "Services\AD.Services.csproj", "{108F07E9-5117-4ADE-A7A7-83761B5622F9}"
EndProject
Project("{FAE04EC0-301F-11D3-BF4B-00C04F79EFBC}") = "AD.Services.Abstractions", "Services.Abstractions\AD.Services.Abstractions.csproj", "{6AA1DE73-CECA-4D79-9B28-27CE95AEBB91}"
EndProject
Global
	GlobalSection(SolutionConfigurationPlatforms) = preSolution
		Debug|Any CPU = Debug|Any CPU
		Release|Any CPU = Release|Any CPU
	EndGlobalSection
	GlobalSection(ProjectConfigurationPlatforms) = postSolution
		{ABF0788C-B30C-4ED3-AB90-6F1B8440F537}.Debug|Any CPU.ActiveCfg = Debug|Any CPU
		{ABF0788C-B30C-4ED3-AB90-6F1B8440F537}.Debug|Any CPU.Build.0 = Debug|Any CPU
		{ABF0788C-B30C-4ED3-AB90-6F1B8440F537}.Release|Any CPU.ActiveCfg = Release|Any CPU
		{ABF0788C-B30C-4ED3-AB90-6F1B8440F537}.Release|Any CPU.Build.0 = Release|Any CPU
		{11ACCF10-5C71-4E94-BAD2-C24D1E0028C8}.Debug|Any CPU.ActiveCfg = Debug|Any CPU
		{11ACCF10-5C71-4E94-BAD2-C24D1E0028C8}.Debug|Any CPU.Build.0 = Debug|Any CPU
		{11ACCF10-5C71-4E94-BAD2-C24D1E0028C8}.Release|Any CPU.ActiveCfg = Release|Any CPU
		{11ACCF10-5C71-4E94-BAD2-C24D1E0028C8}.Release|Any CPU.Build.0 = Release|Any CPU
		{3AB90175-C146-40FD-A6CD-B82BA7C00B95}.Debug|Any CPU.ActiveCfg = Debug|Any CPU
		{3AB90175-C146-40FD-A6CD-B82BA7C00B95}.Debug|Any CPU.Build.0 = Debug|Any CPU
		{3AB90175-C146-40FD-A6CD-B82BA7C00B95}.Release|Any CPU.ActiveCfg = Release|Any CPU
		{3AB90175-C146-40FD-A6CD-B82BA7C00B95}.Release|Any CPU.Build.0 = Release|Any CPU
		{5EEC7B27-5DA9-4D9F-952D-2C26CD3E6977}.Debug|Any CPU.ActiveCfg = Debug|Any CPU
		{5EEC7B27-5DA9-4D9F-952D-2C26CD3E6977}.Debug|Any CPU.Build.0 = Debug|Any CPU
		{5EEC7B27-5DA9-4D9F-952D-2C26CD3E6977}.Release|Any CPU.ActiveCfg = Release|Any CPU
		{5EEC7B27-5DA9-4D9F-952D-2C26CD3E6977}.Release|Any CPU.Build.0 = Release|Any CPU
		{108F07E9-5117-4ADE-A7A7-83761B5622F9}.Debug|Any CPU.ActiveCfg = Debug|Any CPU
		{108F07E9-5117-4ADE-A7A7-83761B5622F9}.Debug|Any CPU.Build.0 = Debug|Any CPU
		{108F07E9-5117-4ADE-A7A7-83761B5622F9}.Release|Any CPU.ActiveCfg = Release|Any CPU
		{108F07E9-5117-4ADE-A7A7-83761B5622F9}.Release|Any CPU.Build.0 = Release|Any CPU
		{6AA1DE73-CECA-4D79-9B28-27CE95AEBB91}.Debug|Any CPU.ActiveCfg = Debug|Any CPU
		{6AA1DE73-CECA-4D79-9B28-27CE95AEBB91}.Debug|Any CPU.Build.0 = Debug|Any CPU
		{6AA1DE73-CECA-4D79-9B28-27CE95AEBB91}.Release|Any CPU.ActiveCfg = Release|Any CPU
		{6AA1DE73-CECA-4D79-9B28-27CE95AEBB91}.Release|Any CPU.Build.0 = Release|Any CPU
	EndGlobalSection
	GlobalSection(SolutionProperties) = preSolution
		HideSolutionNode = FALSE
	EndGlobalSection
	GlobalSection(ExtensibilityGlobals) = postSolution
		SolutionGuid = {E1604441-440D-4762-B70C-EE5D9D871CA9}
	EndGlobalSection
EndGlobal
