
Microsoft Visual Studio Solution File, Format Version 12.00
# Visual Studio Version 17
VisualStudioVersion = 17.2.32630.192
MinimumVisualStudioVersion = 10.0.40219.1
Project("{9A19103F-16F7-4668-BE54-9A1E7A4F7556}") = "Soft", "Soft\Soft.csproj", "{D6FB4FF2-4D8D-4CC2-822E-9104C44B4DD4}"
EndProject
Project("{FAE04EC0-301F-11D3-BF4B-00C04F79EFBC}") = "ConsoleForTesting", "ConsoleForTesting\ConsoleForTesting.csproj", "{ABF0788C-B30C-4ED3-AB90-6F1B8440F537}"
EndProject
Project("{FAE04EC0-301F-11D3-BF4B-00C04F79EFBC}") = "FilesManager", "FilesManager\FilesManager.csproj", "{11ACCF10-5C71-4E94-BAD2-C24D1E0028C8}"
EndProject
Global
	GlobalSection(SolutionConfigurationPlatforms) = preSolution
		Debug|Any CPU = Debug|Any CPU
		Release|Any CPU = Release|Any CPU
	EndGlobalSection
	GlobalSection(ProjectConfigurationPlatforms) = postSolution
		{D6FB4FF2-4D8D-4CC2-822E-9104C44B4DD4}.Debug|Any CPU.ActiveCfg = Debug|Any CPU
		{D6FB4FF2-4D8D-4CC2-822E-9104C44B4DD4}.Debug|Any CPU.Build.0 = Debug|Any CPU
		{D6FB4FF2-4D8D-4CC2-822E-9104C44B4DD4}.Release|Any CPU.ActiveCfg = Release|Any CPU
		{D6FB4FF2-4D8D-4CC2-822E-9104C44B4DD4}.Release|Any CPU.Build.0 = Release|Any CPU
		{ABF0788C-B30C-4ED3-AB90-6F1B8440F537}.Debug|Any CPU.ActiveCfg = Debug|Any CPU
		{ABF0788C-B30C-4ED3-AB90-6F1B8440F537}.Debug|Any CPU.Build.0 = Debug|Any CPU
		{ABF0788C-B30C-4ED3-AB90-6F1B8440F537}.Release|Any CPU.ActiveCfg = Release|Any CPU
		{ABF0788C-B30C-4ED3-AB90-6F1B8440F537}.Release|Any CPU.Build.0 = Release|Any CPU
		{11ACCF10-5C71-4E94-BAD2-C24D1E0028C8}.Debug|Any CPU.ActiveCfg = Debug|Any CPU
		{11ACCF10-5C71-4E94-BAD2-C24D1E0028C8}.Debug|Any CPU.Build.0 = Debug|Any CPU
		{11ACCF10-5C71-4E94-BAD2-C24D1E0028C8}.Release|Any CPU.ActiveCfg = Release|Any CPU
		{11ACCF10-5C71-4E94-BAD2-C24D1E0028C8}.Release|Any CPU.Build.0 = Release|Any CPU
	EndGlobalSection
	GlobalSection(SolutionProperties) = preSolution
		HideSolutionNode = FALSE
	EndGlobalSection
	GlobalSection(ExtensibilityGlobals) = postSolution
		SolutionGuid = {E1604441-440D-4762-B70C-EE5D9D871CA9}
	EndGlobalSection
EndGlobal
